
Microsoft Visual Studio Solution File, Format Version 12.00
# Visual Studio Version 16
VisualStudioVersion = 16.0.31313.79
MinimumVisualStudioVersion = 10.0.40219.1
Project("{FAE04EC0-301F-11D3-BF4B-00C04F79EFBC}") = "rmbw-design-tool", "rmbw-design-tool.csproj", "{6C7B9811-C28E-42D0-8B48-DB65F5EFE6AA}"
EndProject
Global
	GlobalSection(SolutionConfigurationPlatforms) = preSolution
		Debug|Any CPU = Debug|Any CPU
		Release|Any CPU = Release|Any CPU
	EndGlobalSection
	GlobalSection(ProjectConfigurationPlatforms) = postSolution
		{6C7B9811-C28E-42D0-8B48-DB65F5EFE6AA}.Debug|Any CPU.ActiveCfg = Debug|Any CPU
		{6C7B9811-C28E-42D0-8B48-DB65F5EFE6AA}.Debug|Any CPU.Build.0 = Debug|Any CPU
		{6C7B9811-C28E-42D0-8B48-DB65F5EFE6AA}.Release|Any CPU.ActiveCfg = Release|Any CPU
		{6C7B9811-C28E-42D0-8B48-DB65F5EFE6AA}.Release|Any CPU.Build.0 = Release|Any CPU
	EndGlobalSection
	GlobalSection(SolutionProperties) = preSolution
		HideSolutionNode = FALSE
	EndGlobalSection
	GlobalSection(ExtensibilityGlobals) = postSolution
		SolutionGuid = {F83E2258-A0B8-48A7-BAC3-2B6F09CC8CC8}
	EndGlobalSection
EndGlobal
